
Microsoft Visual Studio Solution File, Format Version 12.00
# Visual Studio Version 16
VisualStudioVersion = 16.0.29613.14
MinimumVisualStudioVersion = 10.0.40219.1
Project("{FAE04EC0-301F-11D3-BF4B-00C04F79EFBC}") = "KeatonBlog", "KeatonBlog.csproj", "{A5E3AF27-BEC5-443A-ABFF-149E648A50E4}"
EndProject
Global
	GlobalSection(SolutionConfigurationPlatforms) = preSolution
		Debug|Any CPU = Debug|Any CPU
		Release|Any CPU = Release|Any CPU
	EndGlobalSection
	GlobalSection(ProjectConfigurationPlatforms) = postSolution
		{A5E3AF27-BEC5-443A-ABFF-149E648A50E4}.Debug|Any CPU.ActiveCfg = Debug|Any CPU
		{A5E3AF27-BEC5-443A-ABFF-149E648A50E4}.Debug|Any CPU.Build.0 = Debug|Any CPU
		{A5E3AF27-BEC5-443A-ABFF-149E648A50E4}.Release|Any CPU.ActiveCfg = Release|Any CPU
		{A5E3AF27-BEC5-443A-ABFF-149E648A50E4}.Release|Any CPU.Build.0 = Release|Any CPU
	EndGlobalSection
	GlobalSection(SolutionProperties) = preSolution
		HideSolutionNode = FALSE
	EndGlobalSection
	GlobalSection(ExtensibilityGlobals) = postSolution
		SolutionGuid = {EBBB878D-F65B-41AC-A9E1-A321ECB63A7B}
	EndGlobalSection
EndGlobal
